
Microsoft Visual Studio Solution File, Format Version 12.00
# Visual Studio Version 16
VisualStudioVersion = 16.0.29728.190
MinimumVisualStudioVersion = 10.0.40219.1
Project("{8BC9CEB8-8B4A-11D0-8D11-00A0C91BC942}") = "CPP_PRACTICE_1_1", "CPP_PRACTICE_1_1\CPP_PRACTICE_1_1.vcxproj", "{F1B8094B-2569-44B3-86C0-85687B730AAD}"
EndProject
Project("{2150E333-8FDC-42A3-9474-1A3956D46DE8}") = "CPP_PRACTICE", "CPP_PRACTICE", "{8F8C99F6-9BA9-4B9D-B242-CEC80170D449}"
EndProject
Project("{2150E333-8FDC-42A3-9474-1A3956D46DE8}") = "CPP_PRACTICE_1", "CPP_PRACTICE_1", "{954B2BFD-297A-4E55-9573-F6D11C4306A6}"
EndProject
Global
	GlobalSection(SolutionConfigurationPlatforms) = preSolution
		Debug|x64 = Debug|x64
		Debug|x86 = Debug|x86
		Release|x64 = Release|x64
		Release|x86 = Release|x86
	EndGlobalSection
	GlobalSection(ProjectConfigurationPlatforms) = postSolution
		{F1B8094B-2569-44B3-86C0-85687B730AAD}.Debug|x64.ActiveCfg = Debug|x64
		{F1B8094B-2569-44B3-86C0-85687B730AAD}.Debug|x64.Build.0 = Debug|x64
		{F1B8094B-2569-44B3-86C0-85687B730AAD}.Debug|x86.ActiveCfg = Debug|Win32
		{F1B8094B-2569-44B3-86C0-85687B730AAD}.Debug|x86.Build.0 = Debug|Win32
		{F1B8094B-2569-44B3-86C0-85687B730AAD}.Release|x64.ActiveCfg = Release|x64
		{F1B8094B-2569-44B3-86C0-85687B730AAD}.Release|x64.Build.0 = Release|x64
		{F1B8094B-2569-44B3-86C0-85687B730AAD}.Release|x86.ActiveCfg = Release|Win32
		{F1B8094B-2569-44B3-86C0-85687B730AAD}.Release|x86.Build.0 = Release|Win32
	EndGlobalSection
	GlobalSection(SolutionProperties) = preSolution
		HideSolutionNode = FALSE
	EndGlobalSection
	GlobalSection(NestedProjects) = preSolution
		{F1B8094B-2569-44B3-86C0-85687B730AAD} = {954B2BFD-297A-4E55-9573-F6D11C4306A6}
		{954B2BFD-297A-4E55-9573-F6D11C4306A6} = {8F8C99F6-9BA9-4B9D-B242-CEC80170D449}
	EndGlobalSection
	GlobalSection(ExtensibilityGlobals) = postSolution
		SolutionGuid = {B710343B-BBB2-480E-AAD6-0A95E21FF3F6}
	EndGlobalSection
EndGlobal
