
Microsoft Visual Studio Solution File, Format Version 12.00
# Visual Studio Version 16
VisualStudioVersion = 16.0.29728.190
MinimumVisualStudioVersion = 10.0.40219.1
Project("{8BC9CEB8-8B4A-11D0-8D11-00A0C91BC942}") = "CPP_PRACTICE_1_1", "CPP_PRACTICE_1_1\CPP_PRACTICE_1_1.vcxproj", "{F1B8094B-2569-44B3-86C0-85687B730AAD}"
EndProject
Project("{2150E333-8FDC-42A3-9474-1A3956D46DE8}") = "CPP_PRACTICE", "CPP_PRACTICE", "{8F8C99F6-9BA9-4B9D-B242-CEC80170D449}"
EndProject
Project("{2150E333-8FDC-42A3-9474-1A3956D46DE8}") = "CPP_PRACTICE_1", "CPP_PRACTICE_1", "{954B2BFD-297A-4E55-9573-F6D11C4306A6}"
EndProject
Project("{8BC9CEB8-8B4A-11D0-8D11-00A0C91BC942}") = "CPP_PRACTICE_1_2", "CPP_PRACTICE_1_2\CPP_PRACTICE_1_2.vcxproj", "{930AC96E-0755-4492-8DAD-F1C21246CC6F}"
EndProject
Project("{8BC9CEB8-8B4A-11D0-8D11-00A0C91BC942}") = "CPP_PRACTICE_1_3", "CPP_PRACTICE_1_3\CPP_PRACTICE_1_3.vcxproj", "{E122A28B-610C-42D5-AFEF-A20259CC393C}"
EndProject
Project("{2150E333-8FDC-42A3-9474-1A3956D46DE8}") = "CPP_HOMEWORK", "CPP_HOMEWORK", "{AD02BF0D-24F0-4D5B-BFE7-0B3F3BAA19DE}"
EndProject
Project("{2150E333-8FDC-42A3-9474-1A3956D46DE8}") = "CPP_HOMEWORK_CH2", "CPP_HOMEWORK_CH2", "{AF5FDB7D-9535-4F2E-8D8A-9FBEF99AFE57}"
EndProject
Project("{2150E333-8FDC-42A3-9474-1A3956D46DE8}") = "CPP_PRACTICE_2", "CPP_PRACTICE_2", "{86DB9BAA-AF50-4BA9-A803-E6F6FD6D56A1}"
EndProject
Project("{8BC9CEB8-8B4A-11D0-8D11-00A0C91BC942}") = "CPP_PRACTICE_2_1", "CPP_PRACTICE_2_1\CPP_PRACTICE_2_1.vcxproj", "{AD5C8D4B-7098-4321-BD2A-BBE373DDE477}"
EndProject
Project("{8BC9CEB8-8B4A-11D0-8D11-00A0C91BC942}") = "CPP_HOMEWORK_CH2_1", "CPP_HOMEWORK_CH2_1\CPP_HOMEWORK_CH2_1.vcxproj", "{BD28C399-8FF3-49BC-B552-05D93C37C105}"
EndProject
Project("{8BC9CEB8-8B4A-11D0-8D11-00A0C91BC942}") = "CPP_HOMEWORK_CH2_2", "CPP_HOMEWORK_CH2_2\CPP_HOMEWORK_CH2_2.vcxproj", "{9D3789DB-0F4E-46AB-9B1C-72E793AC3BC4}"
EndProject
Global
	GlobalSection(SolutionConfigurationPlatforms) = preSolution
		Debug|x64 = Debug|x64
		Debug|x86 = Debug|x86
		Release|x64 = Release|x64
		Release|x86 = Release|x86
	EndGlobalSection
	GlobalSection(ProjectConfigurationPlatforms) = postSolution
		{F1B8094B-2569-44B3-86C0-85687B730AAD}.Debug|x64.ActiveCfg = Debug|x64
		{F1B8094B-2569-44B3-86C0-85687B730AAD}.Debug|x64.Build.0 = Debug|x64
		{F1B8094B-2569-44B3-86C0-85687B730AAD}.Debug|x86.ActiveCfg = Debug|Win32
		{F1B8094B-2569-44B3-86C0-85687B730AAD}.Debug|x86.Build.0 = Debug|Win32
		{F1B8094B-2569-44B3-86C0-85687B730AAD}.Release|x64.ActiveCfg = Release|x64
		{F1B8094B-2569-44B3-86C0-85687B730AAD}.Release|x64.Build.0 = Release|x64
		{F1B8094B-2569-44B3-86C0-85687B730AAD}.Release|x86.ActiveCfg = Release|Win32
		{F1B8094B-2569-44B3-86C0-85687B730AAD}.Release|x86.Build.0 = Release|Win32
		{930AC96E-0755-4492-8DAD-F1C21246CC6F}.Debug|x64.ActiveCfg = Debug|x64
		{930AC96E-0755-4492-8DAD-F1C21246CC6F}.Debug|x64.Build.0 = Debug|x64
		{930AC96E-0755-4492-8DAD-F1C21246CC6F}.Debug|x86.ActiveCfg = Debug|Win32
		{930AC96E-0755-4492-8DAD-F1C21246CC6F}.Debug|x86.Build.0 = Debug|Win32
		{930AC96E-0755-4492-8DAD-F1C21246CC6F}.Release|x64.ActiveCfg = Release|x64
		{930AC96E-0755-4492-8DAD-F1C21246CC6F}.Release|x64.Build.0 = Release|x64
		{930AC96E-0755-4492-8DAD-F1C21246CC6F}.Release|x86.ActiveCfg = Release|Win32
		{930AC96E-0755-4492-8DAD-F1C21246CC6F}.Release|x86.Build.0 = Release|Win32
		{E122A28B-610C-42D5-AFEF-A20259CC393C}.Debug|x64.ActiveCfg = Debug|x64
		{E122A28B-610C-42D5-AFEF-A20259CC393C}.Debug|x64.Build.0 = Debug|x64
		{E122A28B-610C-42D5-AFEF-A20259CC393C}.Debug|x86.ActiveCfg = Debug|Win32
		{E122A28B-610C-42D5-AFEF-A20259CC393C}.Debug|x86.Build.0 = Debug|Win32
		{E122A28B-610C-42D5-AFEF-A20259CC393C}.Release|x64.ActiveCfg = Release|x64
		{E122A28B-610C-42D5-AFEF-A20259CC393C}.Release|x64.Build.0 = Release|x64
		{E122A28B-610C-42D5-AFEF-A20259CC393C}.Release|x86.ActiveCfg = Release|Win32
		{E122A28B-610C-42D5-AFEF-A20259CC393C}.Release|x86.Build.0 = Release|Win32
		{AD5C8D4B-7098-4321-BD2A-BBE373DDE477}.Debug|x64.ActiveCfg = Debug|x64
		{AD5C8D4B-7098-4321-BD2A-BBE373DDE477}.Debug|x64.Build.0 = Debug|x64
		{AD5C8D4B-7098-4321-BD2A-BBE373DDE477}.Debug|x86.ActiveCfg = Debug|Win32
		{AD5C8D4B-7098-4321-BD2A-BBE373DDE477}.Debug|x86.Build.0 = Debug|Win32
		{AD5C8D4B-7098-4321-BD2A-BBE373DDE477}.Release|x64.ActiveCfg = Release|x64
		{AD5C8D4B-7098-4321-BD2A-BBE373DDE477}.Release|x64.Build.0 = Release|x64
		{AD5C8D4B-7098-4321-BD2A-BBE373DDE477}.Release|x86.ActiveCfg = Release|Win32
		{AD5C8D4B-7098-4321-BD2A-BBE373DDE477}.Release|x86.Build.0 = Release|Win32
		{BD28C399-8FF3-49BC-B552-05D93C37C105}.Debug|x64.ActiveCfg = Debug|x64
		{BD28C399-8FF3-49BC-B552-05D93C37C105}.Debug|x64.Build.0 = Debug|x64
		{BD28C399-8FF3-49BC-B552-05D93C37C105}.Debug|x86.ActiveCfg = Debug|Win32
		{BD28C399-8FF3-49BC-B552-05D93C37C105}.Debug|x86.Build.0 = Debug|Win32
		{BD28C399-8FF3-49BC-B552-05D93C37C105}.Release|x64.ActiveCfg = Release|x64
		{BD28C399-8FF3-49BC-B552-05D93C37C105}.Release|x64.Build.0 = Release|x64
		{BD28C399-8FF3-49BC-B552-05D93C37C105}.Release|x86.ActiveCfg = Release|Win32
		{BD28C399-8FF3-49BC-B552-05D93C37C105}.Release|x86.Build.0 = Release|Win32
		{9D3789DB-0F4E-46AB-9B1C-72E793AC3BC4}.Debug|x64.ActiveCfg = Debug|x64
		{9D3789DB-0F4E-46AB-9B1C-72E793AC3BC4}.Debug|x64.Build.0 = Debug|x64
		{9D3789DB-0F4E-46AB-9B1C-72E793AC3BC4}.Debug|x86.ActiveCfg = Debug|Win32
		{9D3789DB-0F4E-46AB-9B1C-72E793AC3BC4}.Debug|x86.Build.0 = Debug|Win32
		{9D3789DB-0F4E-46AB-9B1C-72E793AC3BC4}.Release|x64.ActiveCfg = Release|x64
		{9D3789DB-0F4E-46AB-9B1C-72E793AC3BC4}.Release|x64.Build.0 = Release|x64
		{9D3789DB-0F4E-46AB-9B1C-72E793AC3BC4}.Release|x86.ActiveCfg = Release|Win32
		{9D3789DB-0F4E-46AB-9B1C-72E793AC3BC4}.Release|x86.Build.0 = Release|Win32
	EndGlobalSection
	GlobalSection(SolutionProperties) = preSolution
		HideSolutionNode = FALSE
	EndGlobalSection
	GlobalSection(NestedProjects) = preSolution
		{F1B8094B-2569-44B3-86C0-85687B730AAD} = {954B2BFD-297A-4E55-9573-F6D11C4306A6}
		{954B2BFD-297A-4E55-9573-F6D11C4306A6} = {8F8C99F6-9BA9-4B9D-B242-CEC80170D449}
		{930AC96E-0755-4492-8DAD-F1C21246CC6F} = {954B2BFD-297A-4E55-9573-F6D11C4306A6}
		{E122A28B-610C-42D5-AFEF-A20259CC393C} = {954B2BFD-297A-4E55-9573-F6D11C4306A6}
		{AF5FDB7D-9535-4F2E-8D8A-9FBEF99AFE57} = {AD02BF0D-24F0-4D5B-BFE7-0B3F3BAA19DE}
		{86DB9BAA-AF50-4BA9-A803-E6F6FD6D56A1} = {8F8C99F6-9BA9-4B9D-B242-CEC80170D449}
		{AD5C8D4B-7098-4321-BD2A-BBE373DDE477} = {86DB9BAA-AF50-4BA9-A803-E6F6FD6D56A1}
		{BD28C399-8FF3-49BC-B552-05D93C37C105} = {AF5FDB7D-9535-4F2E-8D8A-9FBEF99AFE57}
		{9D3789DB-0F4E-46AB-9B1C-72E793AC3BC4} = {AF5FDB7D-9535-4F2E-8D8A-9FBEF99AFE57}
	EndGlobalSection
	GlobalSection(ExtensibilityGlobals) = postSolution
		SolutionGuid = {B710343B-BBB2-480E-AAD6-0A95E21FF3F6}
	EndGlobalSection
EndGlobal
